
Microsoft Visual Studio Solution File, Format Version 11.00
# Visual C++ Express 2010
Project("{8BC9CEB8-8B4A-11D0-8D11-00A0C91BC942}") = "iobridge", "iobridge.vcxproj", "{6D70B845-8A51-4F63-94CF-86691C447639}"
EndProject
Global
	GlobalSection(SolutionConfigurationPlatforms) = preSolution
		Debug|Win32 = Debug|Win32
		Release|Win32 = Release|Win32
		Release64|Win32 = Release64|Win32
	EndGlobalSection
	GlobalSection(ProjectConfigurationPlatforms) = postSolution
		{6D70B845-8A51-4F63-94CF-86691C447639}.Debug|Win32.ActiveCfg = Debug|Win32
		{6D70B845-8A51-4F63-94CF-86691C447639}.Debug|Win32.Build.0 = Debug|Win32
		{6D70B845-8A51-4F63-94CF-86691C447639}.Release|Win32.ActiveCfg = Release|Win32
		{6D70B845-8A51-4F63-94CF-86691C447639}.Release|Win32.Build.0 = Release|Win32
		{6D70B845-8A51-4F63-94CF-86691C447639}.Release64|Win32.ActiveCfg = Release64|Win32
		{6D70B845-8A51-4F63-94CF-86691C447639}.Release64|Win32.Build.0 = Release64|Win32
	EndGlobalSection
	GlobalSection(SolutionProperties) = preSolution
		HideSolutionNode = FALSE
	EndGlobalSection
EndGlobal
